
Microsoft Visual Studio Solution File, Format Version 12.00
# Visual Studio Version 17
VisualStudioVersion = 17.8.34004.107
MinimumVisualStudioVersion = 10.0.40219.1
Project("{FAE04EC0-301F-11D3-BF4B-00C04F79EFBC}") = "Product Management", "Product Management.csproj", "{E64EFB25-D898-413C-A5EB-B8C914559D34}"
EndProject
Global
	GlobalSection(SolutionConfigurationPlatforms) = preSolution
		Debug|Any CPU = Debug|Any CPU
		Release|Any CPU = Release|Any CPU
	EndGlobalSection
	GlobalSection(ProjectConfigurationPlatforms) = postSolution
		{E64EFB25-D898-413C-A5EB-B8C914559D34}.Debug|Any CPU.ActiveCfg = Debug|Any CPU
		{E64EFB25-D898-413C-A5EB-B8C914559D34}.Debug|Any CPU.Build.0 = Debug|Any CPU
		{E64EFB25-D898-413C-A5EB-B8C914559D34}.Release|Any CPU.ActiveCfg = Release|Any CPU
		{E64EFB25-D898-413C-A5EB-B8C914559D34}.Release|Any CPU.Build.0 = Release|Any CPU
	EndGlobalSection
	GlobalSection(SolutionProperties) = preSolution
		HideSolutionNode = FALSE
	EndGlobalSection
	GlobalSection(ExtensibilityGlobals) = postSolution
		SolutionGuid = {CBEC3E9B-908F-4686-88DE-29872A4D5A87}
	EndGlobalSection
EndGlobal
